
Microsoft Visual Studio Solution File, Format Version 12.00
# Visual Studio Version 17
VisualStudioVersion = 17.5.33516.290
MinimumVisualStudioVersion = 10.0.40219.1
Project("{FAE04EC0-301F-11D3-BF4B-00C04F79EFBC}") = "ClimaApp", "ClimaApp\ClimaApp.csproj", "{F0E771D6-C9F9-4399-BB29-84ED15335015}"
EndProject
Global
	GlobalSection(SolutionConfigurationPlatforms) = preSolution
		Debug|Any CPU = Debug|Any CPU
		Release|Any CPU = Release|Any CPU
	EndGlobalSection
	GlobalSection(ProjectConfigurationPlatforms) = postSolution
		{F0E771D6-C9F9-4399-BB29-84ED15335015}.Debug|Any CPU.ActiveCfg = Debug|Any CPU
		{F0E771D6-C9F9-4399-BB29-84ED15335015}.Debug|Any CPU.Build.0 = Debug|Any CPU
		{F0E771D6-C9F9-4399-BB29-84ED15335015}.Release|Any CPU.ActiveCfg = Release|Any CPU
		{F0E771D6-C9F9-4399-BB29-84ED15335015}.Release|Any CPU.Build.0 = Release|Any CPU
	EndGlobalSection
	GlobalSection(SolutionProperties) = preSolution
		HideSolutionNode = FALSE
	EndGlobalSection
	GlobalSection(ExtensibilityGlobals) = postSolution
		SolutionGuid = {3818AC27-4D28-4272-9ABF-6A96D1734187}
	EndGlobalSection
EndGlobal
